
Microsoft Visual Studio Solution File, Format Version 12.00
# Visual Studio Version 17
VisualStudioVersion = 17.4.33213.308
MinimumVisualStudioVersion = 10.0.40219.1
Project("{FAE04EC0-301F-11D3-BF4B-00C04F79EFBC}") = "ChallengeApp", "ChallengeApp\ChallengeApp.csproj", "{B71CB1FD-6BFC-46A5-9D07-069704E58F4E}"
EndProject
Global
	GlobalSection(SolutionConfigurationPlatforms) = preSolution
		Debug|Any CPU = Debug|Any CPU
		Release|Any CPU = Release|Any CPU
	EndGlobalSection
	GlobalSection(ProjectConfigurationPlatforms) = postSolution
		{B71CB1FD-6BFC-46A5-9D07-069704E58F4E}.Debug|Any CPU.ActiveCfg = Debug|Any CPU
		{B71CB1FD-6BFC-46A5-9D07-069704E58F4E}.Debug|Any CPU.Build.0 = Debug|Any CPU
		{B71CB1FD-6BFC-46A5-9D07-069704E58F4E}.Release|Any CPU.ActiveCfg = Release|Any CPU
		{B71CB1FD-6BFC-46A5-9D07-069704E58F4E}.Release|Any CPU.Build.0 = Release|Any CPU
	EndGlobalSection
	GlobalSection(SolutionProperties) = preSolution
		HideSolutionNode = FALSE
	EndGlobalSection
	GlobalSection(ExtensibilityGlobals) = postSolution
		SolutionGuid = {360D1593-E0DB-423D-9DCA-E6AB33C88276}
	EndGlobalSection
EndGlobal
